// !$*UTF8*$!
{
	archiveVersion = 1;
	classes = {
	};
	objectVersion = 48;
	objects = {

/* Begin PBXBuildFile section */
		890A4757204494060011CBEE /* TestingStacksAndQueues.cpp in Sources */ = {isa = PBXBuildFile; fileRef = 890A4755204494060011CBEE /* TestingStacksAndQueues.cpp */; };
		890B0A3A205AE95A00CF5125 /* SortingTester.cpp in Sources */ = {isa = PBXBuildFile; fileRef = 890B0A38205AE95A00CF5125 /* SortingTester.cpp */; };
		89C5B2DD202A33F8007BE386 /* ArrayTester.cpp in Sources */ = {isa = PBXBuildFile; fileRef = 89C5B2DB202A33F8007BE386 /* ArrayTester.cpp */; };
		89C8BC07206572D9008DE2A2 /* GraphTester.cpp in Sources */ = {isa = PBXBuildFile; fileRef = 89C8BC05206572D9008DE2A2 /* GraphTester.cpp */; };
		89DB3D09204DC63B00D0A6DD /* RecursionTester.cpp in Sources */ = {isa = PBXBuildFile; fileRef = 89DB3D07204DC63B00D0A6DD /* RecursionTester.cpp */; };
		89E6799E202243F10034A986 /* Runner.cpp in Sources */ = {isa = PBXBuildFile; fileRef = 89E6799D202243F10034A986 /* Runner.cpp */; };
		89E679A2202244430034A986 /* Controller.cpp in Sources */ = {isa = PBXBuildFile; fileRef = 89E679A0202244430034A986 /* Controller.cpp */; };
		89E679A7202246FD0034A986 /* Timer.cpp in Sources */ = {isa = PBXBuildFile; fileRef = 89E679A5202246FD0034A986 /* Timer.cpp */; };
		89E679AA20224D160034A986 /* FileController.cpp in Sources */ = {isa = PBXBuildFile; fileRef = 89E679A820224D160034A986 /* FileController.cpp */; };
		89E679AF20224EEF0034A986 /* CrimeData.cpp in Sources */ = {isa = PBXBuildFile; fileRef = 89E679AE20224EEF0034A986 /* CrimeData.cpp */; };
		89FF8B172034D3BC0014ACEE /* LinkedListTester.cpp in Sources */ = {isa = PBXBuildFile; fileRef = 89FF8B152034D3BC0014ACEE /* LinkedListTester.cpp */; };
/* End PBXBuildFile section */

/* Begin PBXCopyFilesBuildPhase section */
		89E67991202243440034A986 /* CopyFiles */ = {
			isa = PBXCopyFilesBuildPhase;
			buildActionMask = 2147483647;
			dstPath = /usr/share/man/man1/;
			dstSubfolderSpec = 0;
			files = (
			);
			runOnlyForDeploymentPostprocessing = 1;
		};
/* End PBXCopyFilesBuildPhase section */

/* Begin PBXFileReference section */
		890A475420448F120011CBEE /* DoubleNode.hpp */ = {isa = PBXFileReference; lastKnownFileType = sourcecode.cpp.h; path = DoubleNode.hpp; sourceTree = "<group>"; };
		890A4755204494060011CBEE /* TestingStacksAndQueues.cpp */ = {isa = PBXFileReference; lastKnownFileType = sourcecode.cpp.cpp; path = TestingStacksAndQueues.cpp; sourceTree = "<group>"; };
		890A4756204494060011CBEE /* TestingStacksAndQueues.hpp */ = {isa = PBXFileReference; lastKnownFileType = sourcecode.cpp.h; path = TestingStacksAndQueues.hpp; sourceTree = "<group>"; };
		890A4758204499FE0011CBEE /* CircularList.hpp */ = {isa = PBXFileReference; lastKnownFileType = sourcecode.cpp.h; path = CircularList.hpp; sourceTree = "<group>"; };
		890AFCDF2034B9CC00B94057 /* LinkedList.hpp */ = {isa = PBXFileReference; lastKnownFileType = sourcecode.cpp.h; path = LinkedList.hpp; sourceTree = "<group>"; };
		890B0A38205AE95A00CF5125 /* SortingTester.cpp */ = {isa = PBXFileReference; lastKnownFileType = sourcecode.cpp.cpp; path = SortingTester.cpp; sourceTree = "<group>"; };
		890B0A39205AE95A00CF5125 /* SortingTester.hpp */ = {isa = PBXFileReference; lastKnownFileType = sourcecode.cpp.h; path = SortingTester.hpp; sourceTree = "<group>"; };
		891AC2FD2060363C0028DCCA /* Graph.hpp */ = {isa = PBXFileReference; lastKnownFileType = sourcecode.cpp.h; path = Graph.hpp; sourceTree = "<group>"; };
		891E2EF8202CE2E500130A78 /* List.hpp */ = {isa = PBXFileReference; lastKnownFileType = sourcecode.cpp.h; path = List.hpp; sourceTree = "<group>"; };
		891E2EFB202CE58B00130A78 /* LinearNode.hpp */ = {isa = PBXFileReference; lastKnownFileType = sourcecode.cpp.h; path = LinearNode.hpp; sourceTree = "<group>"; };
		892A4C19206AC345005B1E5B /* BinaryTreeNode.hpp */ = {isa = PBXFileReference; lastKnownFileType = sourcecode.cpp.h; path = BinaryTreeNode.hpp; sourceTree = "<group>"; };
		892A4C1A206AD437005B1E5B /* Tree.hpp */ = {isa = PBXFileReference; lastKnownFileType = sourcecode.cpp.h; path = Tree.hpp; sourceTree = "<group>"; };
		894546B4207BEDB80090246F /* BinaryTreeTester.hpp */ = {isa = PBXFileReference; lastKnownFileType = sourcecode.cpp.h; path = BinaryTreeTester.hpp; sourceTree = "<group>"; };
		894546B5207BEFEB0090246F /* BinarySearchTree.hpp */ = {isa = PBXFileReference; lastKnownFileType = sourcecode.cpp.h; path = BinarySearchTree.hpp; sourceTree = "<group>"; };
		89C5B2DB202A33F8007BE386 /* ArrayTester.cpp */ = {isa = PBXFileReference; lastKnownFileType = sourcecode.cpp.cpp; path = ArrayTester.cpp; sourceTree = "<group>"; };
		89C5B2DC202A33F8007BE386 /* ArrayTester.hpp */ = {isa = PBXFileReference; lastKnownFileType = sourcecode.cpp.h; path = ArrayTester.hpp; sourceTree = "<group>"; };
		89C5B2E1202A4A41007BE386 /* Node.hpp */ = {isa = PBXFileReference; lastKnownFileType = sourcecode.cpp.h; path = Node.hpp; sourceTree = "<group>"; };
		89C8BC05206572D9008DE2A2 /* GraphTester.cpp */ = {isa = PBXFileReference; lastKnownFileType = sourcecode.cpp.cpp; path = GraphTester.cpp; sourceTree = "<group>"; };
		89C8BC06206572D9008DE2A2 /* GraphTester.hpp */ = {isa = PBXFileReference; lastKnownFileType = sourcecode.cpp.h; path = GraphTester.hpp; sourceTree = "<group>"; };
		89DB3D07204DC63B00D0A6DD /* RecursionTester.cpp */ = {isa = PBXFileReference; lastKnownFileType = sourcecode.cpp.cpp; path = RecursionTester.cpp; sourceTree = "<group>"; };
		89DB3D08204DC63B00D0A6DD /* RecursionTester.hpp */ = {isa = PBXFileReference; lastKnownFileType = sourcecode.cpp.h; path = RecursionTester.hpp; sourceTree = "<group>"; };
		89E67993202243450034A986 /* DataStructureProject */ = {isa = PBXFileReference; explicitFileType = "compiled.mach-o.executable"; includeInIndex = 0; path = DataStructureProject; sourceTree = BUILT_PRODUCTS_DIR; };
		89E6799D202243F10034A986 /* Runner.cpp */ = {isa = PBXFileReference; lastKnownFileType = sourcecode.cpp.cpp; path = Runner.cpp; sourceTree = "<group>"; };
		89E679A0202244430034A986 /* Controller.cpp */ = {isa = PBXFileReference; lastKnownFileType = sourcecode.cpp.cpp; path = Controller.cpp; sourceTree = "<group>"; };
		89E679A1202244430034A986 /* Controller.hpp */ = {isa = PBXFileReference; lastKnownFileType = sourcecode.cpp.h; path = Controller.hpp; sourceTree = "<group>"; };
		89E679A5202246FD0034A986 /* Timer.cpp */ = {isa = PBXFileReference; lastKnownFileType = sourcecode.cpp.cpp; path = Timer.cpp; sourceTree = "<group>"; };
		89E679A6202246FD0034A986 /* Timer.hpp */ = {isa = PBXFileReference; lastKnownFileType = sourcecode.cpp.h; path = Timer.hpp; sourceTree = "<group>"; };
		89E679A820224D160034A986 /* FileController.cpp */ = {isa = PBXFileReference; lastKnownFileType = sourcecode.cpp.cpp; name = FileController.cpp; path = DataStructureProject/Controller/FileController.cpp; sourceTree = SOURCE_ROOT; };
		89E679A920224D160034A986 /* FileController.hpp */ = {isa = PBXFileReference; lastKnownFileType = sourcecode.cpp.h; name = FileController.hpp; path = DataStructureProject/Controller/FileController.hpp; sourceTree = SOURCE_ROOT; };
		89E679AC20224EEF0034A986 /* CrimeData.hpp */ = {isa = PBXFileReference; fileEncoding = 4; lastKnownFileType = sourcecode.cpp.h; path = CrimeData.hpp; sourceTree = "<group>"; };
		89E679AD20224EEF0034A986 /* crime.csv */ = {isa = PBXFileReference; fileEncoding = 4; lastKnownFileType = text; path = crime.csv; sourceTree = "<group>"; };
		89E679AE20224EEF0034A986 /* CrimeData.cpp */ = {isa = PBXFileReference; fileEncoding = 4; lastKnownFileType = sourcecode.cpp.cpp; path = CrimeData.cpp; sourceTree = "<group>"; };
		89E93D382024EE610085DA80 /* Array.hpp */ = {isa = PBXFileReference; lastKnownFileType = sourcecode.cpp.h; path = Array.hpp; sourceTree = "<group>"; };
		89FAB051203F4D05009C97BA /* Queue.hpp */ = {isa = PBXFileReference; lastKnownFileType = sourcecode.cpp.h; path = Queue.hpp; sourceTree = "<group>"; };
		89FAB052203F4D1B009C97BA /* Stack.hpp */ = {isa = PBXFileReference; lastKnownFileType = sourcecode.cpp.h; path = Stack.hpp; sourceTree = "<group>"; };
		89FF8B152034D3BC0014ACEE /* LinkedListTester.cpp */ = {isa = PBXFileReference; lastKnownFileType = sourcecode.cpp.cpp; path = LinkedListTester.cpp; sourceTree = "<group>"; };
		89FF8B162034D3BC0014ACEE /* LinkedListTester.hpp */ = {isa = PBXFileReference; lastKnownFileType = sourcecode.cpp.h; path = LinkedListTester.hpp; sourceTree = "<group>"; };
/* End PBXFileReference section */

/* Begin PBXFrameworksBuildPhase section */
		89E67990202243440034A986 /* Frameworks */ = {
			isa = PBXFrameworksBuildPhase;
			buildActionMask = 2147483647;
			files = (
			);
			runOnlyForDeploymentPostprocessing = 0;
		};
/* End PBXFrameworksBuildPhase section */

/* Begin PBXGroup section */
		891AC2FC2060361F0028DCCA /* NonLinear */ = {
			isa = PBXGroup;
			children = (
				891AC2FD2060363C0028DCCA /* Graph.hpp */,
				892A4C1A206AD437005B1E5B /* Tree.hpp */,
				894546B5207BEFEB0090246F /* BinarySearchTree.hpp */,
			);
			path = NonLinear;
			sourceTree = "<group>";
		};
		89C5B2DA202A3387007BE386 /* Testers */ = {
			isa = PBXGroup;
			children = (
				89C5B2DB202A33F8007BE386 /* ArrayTester.cpp */,
				89C5B2DC202A33F8007BE386 /* ArrayTester.hpp */,
				89FF8B152034D3BC0014ACEE /* LinkedListTester.cpp */,
				89FF8B162034D3BC0014ACEE /* LinkedListTester.hpp */,
				890A4755204494060011CBEE /* TestingStacksAndQueues.cpp */,
				890A4756204494060011CBEE /* TestingStacksAndQueues.hpp */,
				89DB3D07204DC63B00D0A6DD /* RecursionTester.cpp */,
				89DB3D08204DC63B00D0A6DD /* RecursionTester.hpp */,
				890B0A38205AE95A00CF5125 /* SortingTester.cpp */,
				890B0A39205AE95A00CF5125 /* SortingTester.hpp */,
				89C8BC05206572D9008DE2A2 /* GraphTester.cpp */,
				89C8BC06206572D9008DE2A2 /* GraphTester.hpp */,
				894546B4207BEDB80090246F /* BinaryTreeTester.hpp */,
			);
			path = Testers;
			sourceTree = "<group>";
		};
		89C5B2DE202A4948007BE386 /* Nodes */ = {
			isa = PBXGroup;
			children = (
				892A4C19206AC345005B1E5B /* BinaryTreeNode.hpp */,
				89C5B2E1202A4A41007BE386 /* Node.hpp */,
				891E2EFB202CE58B00130A78 /* LinearNode.hpp */,
				890A475420448F120011CBEE /* DoubleNode.hpp */,
			);
			path = Nodes;
			sourceTree = "<group>";
		};
		89E6798A202243440034A986 = {
			isa = PBXGroup;
			children = (
				89E67995202243450034A986 /* DataStructureProject */,
				89E67994202243450034A986 /* Products */,
			);
			sourceTree = "<group>";
		};
		89E67994202243450034A986 /* Products */ = {
			isa = PBXGroup;
			children = (
				89E67993202243450034A986 /* DataStructureProject */,
			);
			name = Products;
			sourceTree = "<group>";
		};
		89E67995202243450034A986 /* DataStructureProject */ = {
			isa = PBXGroup;
			children = (
				89C5B2DA202A3387007BE386 /* Testers */,
				89E93D352024EDC70085DA80 /* Model */,
				89E679AB20224E7E0034A986 /* Data */,
				89E6799D202243F10034A986 /* Runner.cpp */,
				89E6799F202244300034A986 /* Controller */,
			);
			path = DataStructureProject;
			sourceTree = "<group>";
		};
		89E6799F202244300034A986 /* Controller */ = {
			isa = PBXGroup;
			children = (
				89E679A4202246E10034A986 /* Tools */,
				89E679A820224D160034A986 /* FileController.cpp */,
				89E679A920224D160034A986 /* FileController.hpp */,
				89E679A0202244430034A986 /* Controller.cpp */,
				89E679A1202244430034A986 /* Controller.hpp */,
			);
			path = Controller;
			sourceTree = "<group>";
		};
		89E679A4202246E10034A986 /* Tools */ = {
			isa = PBXGroup;
			children = (
				89E679A5202246FD0034A986 /* Timer.cpp */,
				89E679A6202246FD0034A986 /* Timer.hpp */,
			);
			path = Tools;
			sourceTree = "<group>";
		};
		89E679AB20224E7E0034A986 /* Data */ = {
			isa = PBXGroup;
			children = (
				89E679AD20224EEF0034A986 /* crime.csv */,
				89E679AE20224EEF0034A986 /* CrimeData.cpp */,
				89E679AC20224EEF0034A986 /* CrimeData.hpp */,
			);
			path = Data;
			sourceTree = "<group>";
		};
		89E93D352024EDC70085DA80 /* Model */ = {
			isa = PBXGroup;
			children = (
				89C5B2DE202A4948007BE386 /* Nodes */,
				89E93D362024EE370085DA80 /* Structures */,
			);
			path = Model;
			sourceTree = "<group>";
		};
		89E93D362024EE370085DA80 /* Structures */ = {
			isa = PBXGroup;
			children = (
				891AC2FC2060361F0028DCCA /* NonLinear */,
				89FAB050203F4C25009C97BA /* Linear */,
			);
			path = Structures;
			sourceTree = "<group>";
		};
		89FAB050203F4C25009C97BA /* Linear */ = {
			isa = PBXGroup;
			children = (
				89E93D382024EE610085DA80 /* Array.hpp */,
				891E2EF8202CE2E500130A78 /* List.hpp */,
				890AFCDF2034B9CC00B94057 /* LinkedList.hpp */,
				89FAB051203F4D05009C97BA /* Queue.hpp */,
				89FAB052203F4D1B009C97BA /* Stack.hpp */,
				890A4758204499FE0011CBEE /* CircularList.hpp */,
			);
			path = Linear;
			sourceTree = "<group>";
		};
/* End PBXGroup section */

/* Begin PBXNativeTarget section */
		89E67992202243440034A986 /* DataStructureProject */ = {
			isa = PBXNativeTarget;
			buildConfigurationList = 89E6799A202243450034A986 /* Build configuration list for PBXNativeTarget "DataStructureProject" */;
			buildPhases = (
				89E6798F202243440034A986 /* Sources */,
				89E67990202243440034A986 /* Frameworks */,
				89E67991202243440034A986 /* CopyFiles */,
			);
			buildRules = (
			);
			dependencies = (
			);
			name = DataStructureProject;
			productName = DataStructureProject;
			productReference = 89E67993202243450034A986 /* DataStructureProject */;
			productType = "com.apple.product-type.tool";
		};
/* End PBXNativeTarget section */

/* Begin PBXProject section */
		89E6798B202243440034A986 /* Project object */ = {
			isa = PBXProject;
			attributes = {
				LastUpgradeCheck = 0900;
				ORGANIZATIONNAME = "Jones, Alec";
				TargetAttributes = {
					89E67992202243440034A986 = {
						CreatedOnToolsVersion = 9.0;
						ProvisioningStyle = Automatic;
					};
				};
			};
			buildConfigurationList = 89E6798E202243440034A986 /* Build configuration list for PBXProject "DataStructureProject" */;
			compatibilityVersion = "Xcode 8.0";
			developmentRegion = en;
			hasScannedForEncodings = 0;
			knownRegions = (
				en,
			);
			mainGroup = 89E6798A202243440034A986;
			productRefGroup = 89E67994202243450034A986 /* Products */;
			projectDirPath = "";
			projectRoot = "";
			targets = (
				89E67992202243440034A986 /* DataStructureProject */,
			);
		};
/* End PBXProject section */

/* Begin PBXSourcesBuildPhase section */
		89E6798F202243440034A986 /* Sources */ = {
			isa = PBXSourcesBuildPhase;
			buildActionMask = 2147483647;
			files = (
				89DB3D09204DC63B00D0A6DD /* RecursionTester.cpp in Sources */,
				89E679A7202246FD0034A986 /* Timer.cpp in Sources */,
				89E679AF20224EEF0034A986 /* CrimeData.cpp in Sources */,
				89E6799E202243F10034A986 /* Runner.cpp in Sources */,
				89E679A2202244430034A986 /* Controller.cpp in Sources */,
				89C8BC07206572D9008DE2A2 /* GraphTester.cpp in Sources */,
				890B0A3A205AE95A00CF5125 /* SortingTester.cpp in Sources */,
				89FF8B172034D3BC0014ACEE /* LinkedListTester.cpp in Sources */,
				890A4757204494060011CBEE /* TestingStacksAndQueues.cpp in Sources */,
				89C5B2DD202A33F8007BE386 /* ArrayTester.cpp in Sources */,
				89E679AA20224D160034A986 /* FileController.cpp in Sources */,
			);
			runOnlyForDeploymentPostprocessing = 0;
		};
/* End PBXSourcesBuildPhase section */

/* Begin XCBuildConfiguration section */
		89E67998202243450034A986 /* Debug */ = {
			isa = XCBuildConfiguration;
			buildSettings = {
				ALWAYS_SEARCH_USER_PATHS = NO;
				CLANG_ANALYZER_NONNULL = YES;
				CLANG_ANALYZER_NUMBER_OBJECT_CONVERSION = YES_AGGRESSIVE;
				CLANG_CXX_LANGUAGE_STANDARD = "gnu++14";
				CLANG_CXX_LIBRARY = "libc++";
				CLANG_ENABLE_MODULES = YES;
				CLANG_ENABLE_OBJC_ARC = YES;
				CLANG_WARN_BLOCK_CAPTURE_AUTORELEASING = YES;
				CLANG_WARN_BOOL_CONVERSION = YES;
				CLANG_WARN_COMMA = YES;
				CLANG_WARN_CONSTANT_CONVERSION = YES;
				CLANG_WARN_DIRECT_OBJC_ISA_USAGE = YES_ERROR;
				CLANG_WARN_DOCUMENTATION_COMMENTS = YES;
				CLANG_WARN_EMPTY_BODY = YES;
				CLANG_WARN_ENUM_CONVERSION = YES;
				CLANG_WARN_INFINITE_RECURSION = YES;
				CLANG_WARN_INT_CONVERSION = YES;
				CLANG_WARN_NON_LITERAL_NULL_CONVERSION = YES;
				CLANG_WARN_OBJC_LITERAL_CONVERSION = YES;
				CLANG_WARN_OBJC_ROOT_CLASS = YES_ERROR;
				CLANG_WARN_RANGE_LOOP_ANALYSIS = YES;
				CLANG_WARN_STRICT_PROTOTYPES = YES;
				CLANG_WARN_SUSPICIOUS_MOVE = YES;
				CLANG_WARN_UNGUARDED_AVAILABILITY = YES_AGGRESSIVE;
				CLANG_WARN_UNREACHABLE_CODE = YES;
				CLANG_WARN__DUPLICATE_METHOD_MATCH = YES;
				CODE_SIGN_IDENTITY = "-";
				COPY_PHASE_STRIP = NO;
				DEBUG_INFORMATION_FORMAT = dwarf;
				ENABLE_STRICT_OBJC_MSGSEND = YES;
				ENABLE_TESTABILITY = YES;
				GCC_C_LANGUAGE_STANDARD = gnu11;
				GCC_DYNAMIC_NO_PIC = NO;
				GCC_NO_COMMON_BLOCKS = YES;
				GCC_OPTIMIZATION_LEVEL = 0;
				GCC_PREPROCESSOR_DEFINITIONS = (
					"DEBUG=1",
					"$(inherited)",
				);
				GCC_WARN_64_TO_32_BIT_CONVERSION = YES;
				GCC_WARN_ABOUT_RETURN_TYPE = YES_ERROR;
				GCC_WARN_UNDECLARED_SELECTOR = YES;
				GCC_WARN_UNINITIALIZED_AUTOS = YES_AGGRESSIVE;
				GCC_WARN_UNUSED_FUNCTION = YES;
				GCC_WARN_UNUSED_VARIABLE = YES;
				MACOSX_DEPLOYMENT_TARGET = 10.12;
				MTL_ENABLE_DEBUG_INFO = YES;
				ONLY_ACTIVE_ARCH = YES;
				SDKROOT = macosx;
			};
			name = Debug;
		};
		89E67999202243450034A986 /* Release */ = {
			isa = XCBuildConfiguration;
			buildSettings = {
				ALWAYS_SEARCH_USER_PATHS = NO;
				CLANG_ANALYZER_NONNULL = YES;
				CLANG_ANALYZER_NUMBER_OBJECT_CONVERSION = YES_AGGRESSIVE;
				CLANG_CXX_LANGUAGE_STANDARD = "gnu++14";
				CLANG_CXX_LIBRARY = "libc++";
				CLANG_ENABLE_MODULES = YES;
				CLANG_ENABLE_OBJC_ARC = YES;
				CLANG_WARN_BLOCK_CAPTURE_AUTORELEASING = YES;
				CLANG_WARN_BOOL_CONVERSION = YES;
				CLANG_WARN_COMMA = YES;
				CLANG_WARN_CONSTANT_CONVERSION = YES;
				CLANG_WARN_DIRECT_OBJC_ISA_USAGE = YES_ERROR;
				CLANG_WARN_DOCUMENTATION_COMMENTS = YES;
				CLANG_WARN_EMPTY_BODY = YES;
				CLANG_WARN_ENUM_CONVERSION = YES;
				CLANG_WARN_INFINITE_RECURSION = YES;
				CLANG_WARN_INT_CONVERSION = YES;
				CLANG_WARN_NON_LITERAL_NULL_CONVERSION = YES;
				CLANG_WARN_OBJC_LITERAL_CONVERSION = YES;
				CLANG_WARN_OBJC_ROOT_CLASS = YES_ERROR;
				CLANG_WARN_RANGE_LOOP_ANALYSIS = YES;
				CLANG_WARN_STRICT_PROTOTYPES = YES;
				CLANG_WARN_SUSPICIOUS_MOVE = YES;
				CLANG_WARN_UNGUARDED_AVAILABILITY = YES_AGGRESSIVE;
				CLANG_WARN_UNREACHABLE_CODE = YES;
				CLANG_WARN__DUPLICATE_METHOD_MATCH = YES;
				CODE_SIGN_IDENTITY = "-";
				COPY_PHASE_STRIP = NO;
				DEBUG_INFORMATION_FORMAT = "dwarf-with-dsym";
				ENABLE_NS_ASSERTIONS = NO;
				ENABLE_STRICT_OBJC_MSGSEND = YES;
				GCC_C_LANGUAGE_STANDARD = gnu11;
				GCC_NO_COMMON_BLOCKS = YES;
				GCC_WARN_64_TO_32_BIT_CONVERSION = YES;
				GCC_WARN_ABOUT_RETURN_TYPE = YES_ERROR;
				GCC_WARN_UNDECLARED_SELECTOR = YES;
				GCC_WARN_UNINITIALIZED_AUTOS = YES_AGGRESSIVE;
				GCC_WARN_UNUSED_FUNCTION = YES;
				GCC_WARN_UNUSED_VARIABLE = YES;
				MACOSX_DEPLOYMENT_TARGET = 10.12;
				MTL_ENABLE_DEBUG_INFO = NO;
				SDKROOT = macosx;
			};
			name = Release;
		};
		89E6799B202243450034A986 /* Debug */ = {
			isa = XCBuildConfiguration;
			buildSettings = {
				CODE_SIGN_STYLE = Automatic;
				PRODUCT_NAME = "$(TARGET_NAME)";
			};
			name = Debug;
		};
		89E6799C202243450034A986 /* Release */ = {
			isa = XCBuildConfiguration;
			buildSettings = {
				CODE_SIGN_STYLE = Automatic;
				PRODUCT_NAME = "$(TARGET_NAME)";
			};
			name = Release;
		};
/* End XCBuildConfiguration section */

/* Begin XCConfigurationList section */
		89E6798E202243440034A986 /* Build configuration list for PBXProject "DataStructureProject" */ = {
			isa = XCConfigurationList;
			buildConfigurations = (
				89E67998202243450034A986 /* Debug */,
				89E67999202243450034A986 /* Release */,
			);
			defaultConfigurationIsVisible = 0;
			defaultConfigurationName = Release;
		};
		89E6799A202243450034A986 /* Build configuration list for PBXNativeTarget "DataStructureProject" */ = {
			isa = XCConfigurationList;
			buildConfigurations = (
				89E6799B202243450034A986 /* Debug */,
				89E6799C202243450034A986 /* Release */,
			);
			defaultConfigurationIsVisible = 0;
			defaultConfigurationName = Release;
		};
/* End XCConfigurationList section */
	};
	rootObject = 89E6798B202243440034A986 /* Project object */;
}
